{
  "requires": true,
  "lockfileVersion": 1,
  "dependencies": {
    "spin.js": {
      "version": "3.0.0",
      "resolved": "https://registry.npmjs.org/spin.js/-/spin.js-3.0.0.tgz",
      "integrity": "sha512-0G4CsUZ6y0k2tFnfEKLxOPVUNJzv5NF3CA28hh9oRqMbzQGVn8l9KHgocN7YDrxkE4RrRXNM9jTNAvkX3mluzg=="
    }
  }
}
